// !$*UTF8*$!
{
	archiveVersion = 1;
	classes = {
	};
	objectVersion = 50;
	objects = {

/* Begin PBXBuildFile section */
		1F6AD591211A6B990083684E /* Interface.storyboard in Resources */ = {isa = PBXBuildFile; fileRef = 1F6AD58F211A6B990083684E /* Interface.storyboard */; };
		1F6AD593211A6B9A0083684E /* Assets.xcassets in Resources */ = {isa = PBXBuildFile; fileRef = 1F6AD592211A6B9A0083684E /* Assets.xcassets */; };
		1F6AD59A211A6B9B0083684E /* Lorem Ipsum watchOS Example Extension.appex in Embed App Extensions */ = {isa = PBXBuildFile; fileRef = 1F6AD599211A6B9A0083684E /* Lorem Ipsum watchOS Example Extension.appex */; settings = {ATTRIBUTES = (RemoveHeadersOnCopy, ); }; };
		1F6AD59F211A6B9B0083684E /* InterfaceController.swift in Sources */ = {isa = PBXBuildFile; fileRef = 1F6AD59E211A6B9B0083684E /* InterfaceController.swift */; };
		1F6AD5A1211A6B9B0083684E /* ExtensionDelegate.swift in Sources */ = {isa = PBXBuildFile; fileRef = 1F6AD5A0211A6B9B0083684E /* ExtensionDelegate.swift */; };
		1F6AD5AA211A6B9B0083684E /* Lorem Ipsum watchOS Example.app in Embed Watch Content */ = {isa = PBXBuildFile; fileRef = 1F6AD58D211A6B990083684E /* Lorem Ipsum watchOS Example.app */; };
		1F6AD5B3211A6BA80083684E /* LoremIpsum.m in Sources */ = {isa = PBXBuildFile; fileRef = 80ECD3501750103900115FD0 /* LoremIpsum.m */; };
		1FDD05ED20FD3A8F00CB2F9B /* Launch Screen.storyboard in Resources */ = {isa = PBXBuildFile; fileRef = 1FDD05EC20FD3A8F00CB2F9B /* Launch Screen.storyboard */; };
		80ECD31717500B2700115FD0 /* UIKit.framework in Frameworks */ = {isa = PBXBuildFile; fileRef = 80ECD31617500B2700115FD0 /* UIKit.framework */; };
		80ECD31917500B2800115FD0 /* Foundation.framework in Frameworks */ = {isa = PBXBuildFile; fileRef = 80ECD31817500B2700115FD0 /* Foundation.framework */; };
		80ECD31B17500B2800115FD0 /* CoreGraphics.framework in Frameworks */ = {isa = PBXBuildFile; fileRef = 80ECD31A17500B2800115FD0 /* CoreGraphics.framework */; };
		80ECD32717500B2800115FD0 /* AppDelegate.m in Sources */ = {isa = PBXBuildFile; fileRef = 80ECD32617500B2800115FD0 /* AppDelegate.m */; };
		80ECD3511750103900115FD0 /* LoremIpsum.m in Sources */ = {isa = PBXBuildFile; fileRef = 80ECD3501750103900115FD0 /* LoremIpsum.m */; };
		80ECD3931750CC3E00115FD0 /* ViewController.m in Sources */ = {isa = PBXBuildFile; fileRef = 80ECD3911750CC3C00115FD0 /* ViewController.m */; };
		80ECD3981750D53D00115FD0 /* ViewController.xib in Resources */ = {isa = PBXBuildFile; fileRef = 80ECD3961750D53D00115FD0 /* ViewController.xib */; };
		80ECD3A01750D55C00115FD0 /* main.m in Sources */ = {isa = PBXBuildFile; fileRef = 80ECD39C1750D55C00115FD0 /* main.m */; };
/* End PBXBuildFile section */

/* Begin PBXContainerItemProxy section */
		1F6AD59B211A6B9B0083684E /* PBXContainerItemProxy */ = {
			isa = PBXContainerItemProxy;
			containerPortal = 80ECD30B17500B2700115FD0 /* Project object */;
			proxyType = 1;
			remoteGlobalIDString = 1F6AD598211A6B9A0083684E;
			remoteInfo = "Lorem Ipsum watchOS Example Extension";
		};
		1F6AD5A8211A6B9B0083684E /* PBXContainerItemProxy */ = {
			isa = PBXContainerItemProxy;
			containerPortal = 80ECD30B17500B2700115FD0 /* Project object */;
			proxyType = 1;
			remoteGlobalIDString = 1F6AD58C211A6B990083684E;
			remoteInfo = "Lorem Ipsum watchOS Example";
		};
/* End PBXContainerItemProxy section */

/* Begin PBXCopyFilesBuildPhase section */
		1F6AD5B0211A6B9B0083684E /* Embed App Extensions */ = {
			isa = PBXCopyFilesBuildPhase;
			buildActionMask = 2147483647;
			dstPath = "";
			dstSubfolderSpec = 13;
			files = (
				1F6AD59A211A6B9B0083684E /* Lorem Ipsum watchOS Example Extension.appex in Embed App Extensions */,
			);
			name = "Embed App Extensions";
			runOnlyForDeploymentPostprocessing = 0;
		};
		1F6AD5B2211A6B9B0083684E /* Embed Watch Content */ = {
			isa = PBXCopyFilesBuildPhase;
			buildActionMask = 2147483647;
			dstPath = "$(CONTENTS_FOLDER_PATH)/Watch";
			dstSubfolderSpec = 16;
			files = (
				1F6AD5AA211A6B9B0083684E /* Lorem Ipsum watchOS Example.app in Embed Watch Content */,
			);
			name = "Embed Watch Content";
			runOnlyForDeploymentPostprocessing = 0;
		};
/* End PBXCopyFilesBuildPhase section */

/* Begin PBXFileReference section */
		1F6AD58D211A6B990083684E /* Lorem Ipsum watchOS Example.app */ = {isa = PBXFileReference; explicitFileType = wrapper.application; includeInIndex = 0; path = "Lorem Ipsum watchOS Example.app"; sourceTree = BUILT_PRODUCTS_DIR; };
		1F6AD590211A6B990083684E /* Base */ = {isa = PBXFileReference; lastKnownFileType = file.storyboard; name = Base; path = Base.lproj/Interface.storyboard; sourceTree = "<group>"; };
		1F6AD592211A6B9A0083684E /* Assets.xcassets */ = {isa = PBXFileReference; lastKnownFileType = folder.assetcatalog; path = Assets.xcassets; sourceTree = "<group>"; };
		1F6AD594211A6B9A0083684E /* Info.plist */ = {isa = PBXFileReference; lastKnownFileType = text.plist.xml; path = Info.plist; sourceTree = "<group>"; };
		1F6AD599211A6B9A0083684E /* Lorem Ipsum watchOS Example Extension.appex */ = {isa = PBXFileReference; explicitFileType = "wrapper.app-extension"; includeInIndex = 0; path = "Lorem Ipsum watchOS Example Extension.appex"; sourceTree = BUILT_PRODUCTS_DIR; };
		1F6AD59E211A6B9B0083684E /* InterfaceController.swift */ = {isa = PBXFileReference; lastKnownFileType = sourcecode.swift; path = InterfaceController.swift; sourceTree = "<group>"; };
		1F6AD5A0211A6B9B0083684E /* ExtensionDelegate.swift */ = {isa = PBXFileReference; lastKnownFileType = sourcecode.swift; path = ExtensionDelegate.swift; sourceTree = "<group>"; };
		1F6AD5A6211A6B9B0083684E /* Info.plist */ = {isa = PBXFileReference; lastKnownFileType = text.plist.xml; path = Info.plist; sourceTree = "<group>"; };
		1F6AD5B7211A6D080083684E /* Lorem Ipsum watchOS Example-Bridging Header.h */ = {isa = PBXFileReference; lastKnownFileType = sourcecode.c.h; path = "Lorem Ipsum watchOS Example-Bridging Header.h"; sourceTree = "<group>"; };
		1FDD05EC20FD3A8F00CB2F9B /* Launch Screen.storyboard */ = {isa = PBXFileReference; lastKnownFileType = file.storyboard; path = "Launch Screen.storyboard"; sourceTree = "<group>"; };
		80ECD31317500B2700115FD0 /* Lorem Ipsum iOS Example.app */ = {isa = PBXFileReference; explicitFileType = wrapper.application; includeInIndex = 0; path = "Lorem Ipsum iOS Example.app"; sourceTree = BUILT_PRODUCTS_DIR; };
		80ECD31617500B2700115FD0 /* UIKit.framework */ = {isa = PBXFileReference; lastKnownFileType = wrapper.framework; name = UIKit.framework; path = System/Library/Frameworks/UIKit.framework; sourceTree = SDKROOT; };
		80ECD31817500B2700115FD0 /* Foundation.framework */ = {isa = PBXFileReference; lastKnownFileType = wrapper.framework; name = Foundation.framework; path = System/Library/Frameworks/Foundation.framework; sourceTree = SDKROOT; };
		80ECD31A17500B2800115FD0 /* CoreGraphics.framework */ = {isa = PBXFileReference; lastKnownFileType = wrapper.framework; name = CoreGraphics.framework; path = System/Library/Frameworks/CoreGraphics.framework; sourceTree = SDKROOT; };
		80ECD31E17500B2800115FD0 /* Lorem Ipsum iOS Example-Info.plist */ = {isa = PBXFileReference; lastKnownFileType = text.plist.xml; path = "Lorem Ipsum iOS Example-Info.plist"; sourceTree = "<group>"; };
		80ECD32517500B2800115FD0 /* AppDelegate.h */ = {isa = PBXFileReference; lastKnownFileType = sourcecode.c.h; path = AppDelegate.h; sourceTree = "<group>"; };
		80ECD32617500B2800115FD0 /* AppDelegate.m */ = {isa = PBXFileReference; lastKnownFileType = sourcecode.c.objc; path = AppDelegate.m; sourceTree = "<group>"; };
		80ECD34F1750103900115FD0 /* LoremIpsum.h */ = {isa = PBXFileReference; fileEncoding = 4; lastKnownFileType = sourcecode.c.h; name = LoremIpsum.h; path = ../../Sources/LoremIpsum/include/LoremIpsum.h; sourceTree = "<group>"; };
		80ECD3501750103900115FD0 /* LoremIpsum.m */ = {isa = PBXFileReference; fileEncoding = 4; lastKnownFileType = sourcecode.c.objc; name = LoremIpsum.m; path = ../../Sources/LoremIpsum/LoremIpsum.m; sourceTree = "<group>"; };
		80ECD3901750CC3B00115FD0 /* ViewController.h */ = {isa = PBXFileReference; fileEncoding = 4; lastKnownFileType = sourcecode.c.h; path = ViewController.h; sourceTree = "<group>"; };
		80ECD3911750CC3C00115FD0 /* ViewController.m */ = {isa = PBXFileReference; fileEncoding = 4; lastKnownFileType = sourcecode.c.objc; path = ViewController.m; sourceTree = "<group>"; };
		80ECD3971750D53D00115FD0 /* en */ = {isa = PBXFileReference; lastKnownFileType = file.xib; name = en; path = en.lproj/ViewController.xib; sourceTree = SOURCE_ROOT; };
		80ECD39C1750D55C00115FD0 /* main.m */ = {isa = PBXFileReference; fileEncoding = 4; lastKnownFileType = sourcecode.c.objc; path = main.m; sourceTree = SOURCE_ROOT; };
/* End PBXFileReference section */

/* Begin PBXFrameworksBuildPhase section */
		1F6AD596211A6B9A0083684E /* Frameworks */ = {
			isa = PBXFrameworksBuildPhase;
			buildActionMask = 2147483647;
			files = (
			);
			runOnlyForDeploymentPostprocessing = 0;
		};
		80ECD31017500B2700115FD0 /* Frameworks */ = {
			isa = PBXFrameworksBuildPhase;
			buildActionMask = 2147483647;
			files = (
				80ECD31717500B2700115FD0 /* UIKit.framework in Frameworks */,
				80ECD31917500B2800115FD0 /* Foundation.framework in Frameworks */,
				80ECD31B17500B2800115FD0 /* CoreGraphics.framework in Frameworks */,
			);
			runOnlyForDeploymentPostprocessing = 0;
		};
/* End PBXFrameworksBuildPhase section */

/* Begin PBXGroup section */
		1F6AD58E211A6B990083684E /* Lorem Ipsum watchOS Example */ = {
			isa = PBXGroup;
			children = (
				1F6AD58F211A6B990083684E /* Interface.storyboard */,
				1F6AD592211A6B9A0083684E /* Assets.xcassets */,
				1F6AD594211A6B9A0083684E /* Info.plist */,
			);
			path = "Lorem Ipsum watchOS Example";
			sourceTree = "<group>";
		};
		1F6AD59D211A6B9B0083684E /* Lorem Ipsum watchOS Example Extension */ = {
			isa = PBXGroup;
			children = (
				1F6AD59E211A6B9B0083684E /* InterfaceController.swift */,
				1F6AD5A0211A6B9B0083684E /* ExtensionDelegate.swift */,
				1F6AD5A6211A6B9B0083684E /* Info.plist */,
				1F6AD5B7211A6D080083684E /* Lorem Ipsum watchOS Example-Bridging Header.h */,
			);
			path = "Lorem Ipsum watchOS Example Extension";
			sourceTree = "<group>";
		};
		80ECD30A17500B2700115FD0 = {
			isa = PBXGroup;
			children = (
				80ECD3521750105400115FD0 /* Lorem Ipsum */,
				80ECD33F17500B6100115FD0 /* Classes */,
				80ECD31C17500B2800115FD0 /* Resources */,
				80ECD31D17500B2800115FD0 /* Supporting Files */,
				1F6AD58E211A6B990083684E /* Lorem Ipsum watchOS Example */,
				1F6AD59D211A6B9B0083684E /* Lorem Ipsum watchOS Example Extension */,
				80ECD31517500B2700115FD0 /* Frameworks */,
				80ECD31417500B2700115FD0 /* Products */,
			);
			sourceTree = "<group>";
		};
		80ECD31417500B2700115FD0 /* Products */ = {
			isa = PBXGroup;
			children = (
				80ECD31317500B2700115FD0 /* Lorem Ipsum iOS Example.app */,
				1F6AD58D211A6B990083684E /* Lorem Ipsum watchOS Example.app */,
				1F6AD599211A6B9A0083684E /* Lorem Ipsum watchOS Example Extension.appex */,
			);
			name = Products;
			sourceTree = "<group>";
		};
		80ECD31517500B2700115FD0 /* Frameworks */ = {
			isa = PBXGroup;
			children = (
				80ECD31617500B2700115FD0 /* UIKit.framework */,
				80ECD31817500B2700115FD0 /* Foundation.framework */,
				80ECD31A17500B2800115FD0 /* CoreGraphics.framework */,
			);
			name = Frameworks;
			sourceTree = "<group>";
		};
		80ECD31C17500B2800115FD0 /* Resources */ = {
			isa = PBXGroup;
			children = (
				80ECD3961750D53D00115FD0 /* ViewController.xib */,
				1FDD05EC20FD3A8F00CB2F9B /* Launch Screen.storyboard */,
			);
			name = Resources;
			sourceTree = "<group>";
		};
		80ECD31D17500B2800115FD0 /* Supporting Files */ = {
			isa = PBXGroup;
			children = (
				80ECD39C1750D55C00115FD0 /* main.m */,
				80ECD31E17500B2800115FD0 /* Lorem Ipsum iOS Example-Info.plist */,
			);
			name = "Supporting Files";
			sourceTree = "<group>";
		};
		80ECD33F17500B6100115FD0 /* Classes */ = {
			isa = PBXGroup;
			children = (
				80ECD32517500B2800115FD0 /* AppDelegate.h */,
				80ECD32617500B2800115FD0 /* AppDelegate.m */,
				80ECD3901750CC3B00115FD0 /* ViewController.h */,
				80ECD3911750CC3C00115FD0 /* ViewController.m */,
			);
			name = Classes;
			sourceTree = "<group>";
		};
		80ECD3521750105400115FD0 /* Lorem Ipsum */ = {
			isa = PBXGroup;
			children = (
				80ECD34F1750103900115FD0 /* LoremIpsum.h */,
				80ECD3501750103900115FD0 /* LoremIpsum.m */,
			);
			name = "Lorem Ipsum";
			sourceTree = "<group>";
		};
/* End PBXGroup section */

/* Begin PBXNativeTarget section */
		1F6AD58C211A6B990083684E /* Lorem Ipsum watchOS Example */ = {
			isa = PBXNativeTarget;
			buildConfigurationList = 1F6AD5B1211A6B9B0083684E /* Build configuration list for PBXNativeTarget "Lorem Ipsum watchOS Example" */;
			buildPhases = (
				1F6AD58B211A6B990083684E /* Resources */,
				1F6AD5B0211A6B9B0083684E /* Embed App Extensions */,
			);
			buildRules = (
			);
			dependencies = (
				1F6AD59C211A6B9B0083684E /* PBXTargetDependency */,
			);
			name = "Lorem Ipsum watchOS Example";
			productName = "Lorem Ipsum watchOS Example";
			productReference = 1F6AD58D211A6B990083684E /* Lorem Ipsum watchOS Example.app */;
			productType = "com.apple.product-type.application.watchapp2";
		};
		1F6AD598211A6B9A0083684E /* Lorem Ipsum watchOS Example Extension */ = {
			isa = PBXNativeTarget;
			buildConfigurationList = 1F6AD5AF211A6B9B0083684E /* Build configuration list for PBXNativeTarget "Lorem Ipsum watchOS Example Extension" */;
			buildPhases = (
				1F6AD595211A6B9A0083684E /* Sources */,
				1F6AD596211A6B9A0083684E /* Frameworks */,
				1F6AD597211A6B9A0083684E /* Resources */,
			);
			buildRules = (
			);
			dependencies = (
			);
			name = "Lorem Ipsum watchOS Example Extension";
			productName = "Lorem Ipsum watchOS Example Extension";
			productReference = 1F6AD599211A6B9A0083684E /* Lorem Ipsum watchOS Example Extension.appex */;
			productType = "com.apple.product-type.watchkit2-extension";
		};
		80ECD31217500B2700115FD0 /* Lorem Ipsum iOS Example */ = {
			isa = PBXNativeTarget;
			buildConfigurationList = 80ECD33C17500B2800115FD0 /* Build configuration list for PBXNativeTarget "Lorem Ipsum iOS Example" */;
			buildPhases = (
				80ECD30F17500B2700115FD0 /* Sources */,
				80ECD31017500B2700115FD0 /* Frameworks */,
				80ECD31117500B2700115FD0 /* Resources */,
				1F6AD5B2211A6B9B0083684E /* Embed Watch Content */,
			);
			buildRules = (
			);
			dependencies = (
				1F6AD5A9211A6B9B0083684E /* PBXTargetDependency */,
			);
			name = "Lorem Ipsum iOS Example";
			productName = "Lorem Ipsum iOS Example";
			productReference = 80ECD31317500B2700115FD0 /* Lorem Ipsum iOS Example.app */;
			productType = "com.apple.product-type.application";
		};
/* End PBXNativeTarget section */

/* Begin PBXProject section */
		80ECD30B17500B2700115FD0 /* Project object */ = {
			isa = PBXProject;
			attributes = {
				LastSwiftUpdateCheck = 1000;
				LastUpgradeCheck = 1150;
				ORGANIZATIONNAME = "Lukas Kubanek";
				TargetAttributes = {
					1F6AD58C211A6B990083684E = {
						CreatedOnToolsVersion = 10.0;
					};
					1F6AD598211A6B9A0083684E = {
						CreatedOnToolsVersion = 10.0;
						LastSwiftMigration = 1150;
					};
				};
			};
			buildConfigurationList = 80ECD30E17500B2700115FD0 /* Build configuration list for PBXProject "Lorem Ipsum iOS Example" */;
			compatibilityVersion = "Xcode 9.3";
			developmentRegion = en;
			hasScannedForEncodings = 0;
			knownRegions = (
				en,
				Base,
			);
			mainGroup = 80ECD30A17500B2700115FD0;
			productRefGroup = 80ECD31417500B2700115FD0 /* Products */;
			projectDirPath = "";
			projectRoot = "";
			targets = (
				80ECD31217500B2700115FD0 /* Lorem Ipsum iOS Example */,
				1F6AD58C211A6B990083684E /* Lorem Ipsum watchOS Example */,
				1F6AD598211A6B9A0083684E /* Lorem Ipsum watchOS Example Extension */,
			);
		};
/* End PBXProject section */

/* Begin PBXResourcesBuildPhase section */
		1F6AD58B211A6B990083684E /* Resources */ = {
			isa = PBXResourcesBuildPhase;
			buildActionMask = 2147483647;
			files = (
				1F6AD593211A6B9A0083684E /* Assets.xcassets in Resources */,
				1F6AD591211A6B990083684E /* Interface.storyboard in Resources */,
			);
			runOnlyForDeploymentPostprocessing = 0;
		};
		1F6AD597211A6B9A0083684E /* Resources */ = {
			isa = PBXResourcesBuildPhase;
			buildActionMask = 2147483647;
			files = (
			);
			runOnlyForDeploymentPostprocessing = 0;
		};
		80ECD31117500B2700115FD0 /* Resources */ = {
			isa = PBXResourcesBuildPhase;
			buildActionMask = 2147483647;
			files = (
				80ECD3981750D53D00115FD0 /* ViewController.xib in Resources */,
				1FDD05ED20FD3A8F00CB2F9B /* Launch Screen.storyboard in Resources */,
			);
			runOnlyForDeploymentPostprocessing = 0;
		};
/* End PBXResourcesBuildPhase section */

/* Begin PBXSourcesBuildPhase section */
		1F6AD595211A6B9A0083684E /* Sources */ = {
			isa = PBXSourcesBuildPhase;
			buildActionMask = 2147483647;
			files = (
				1F6AD5B3211A6BA80083684E /* LoremIpsum.m in Sources */,
				1F6AD5A1211A6B9B0083684E /* ExtensionDelegate.swift in Sources */,
				1F6AD59F211A6B9B0083684E /* InterfaceController.swift in Sources */,
			);
			runOnlyForDeploymentPostprocessing = 0;
		};
		80ECD30F17500B2700115FD0 /* Sources */ = {
			isa = PBXSourcesBuildPhase;
			buildActionMask = 2147483647;
			files = (
				80ECD32717500B2800115FD0 /* AppDelegate.m in Sources */,
				80ECD3511750103900115FD0 /* LoremIpsum.m in Sources */,
				80ECD3931750CC3E00115FD0 /* ViewController.m in Sources */,
				80ECD3A01750D55C00115FD0 /* main.m in Sources */,
			);
			runOnlyForDeploymentPostprocessing = 0;
		};
/* End PBXSourcesBuildPhase section */

/* Begin PBXTargetDependency section */
		1F6AD59C211A6B9B0083684E /* PBXTargetDependency */ = {
			isa = PBXTargetDependency;
			target = 1F6AD598211A6B9A0083684E /* Lorem Ipsum watchOS Example Extension */;
			targetProxy = 1F6AD59B211A6B9B0083684E /* PBXContainerItemProxy */;
		};
		1F6AD5A9211A6B9B0083684E /* PBXTargetDependency */ = {
			isa = PBXTargetDependency;
			target = 1F6AD58C211A6B990083684E /* Lorem Ipsum watchOS Example */;
			targetProxy = 1F6AD5A8211A6B9B0083684E /* PBXContainerItemProxy */;
		};
/* End PBXTargetDependency section */

/* Begin PBXVariantGroup section */
		1F6AD58F211A6B990083684E /* Interface.storyboard */ = {
			isa = PBXVariantGroup;
			children = (
				1F6AD590211A6B990083684E /* Base */,
			);
			name = Interface.storyboard;
			sourceTree = "<group>";
		};
		80ECD3961750D53D00115FD0 /* ViewController.xib */ = {
			isa = PBXVariantGroup;
			children = (
				80ECD3971750D53D00115FD0 /* en */,
			);
			name = ViewController.xib;
			sourceTree = "<group>";
		};
/* End PBXVariantGroup section */

/* Begin XCBuildConfiguration section */
		1F6AD5AB211A6B9B0083684E /* Debug */ = {
			isa = XCBuildConfiguration;
			buildSettings = {
				ALWAYS_EMBED_SWIFT_STANDARD_LIBRARIES = YES;
				ASSETCATALOG_COMPILER_APPICON_NAME = AppIcon;
				CLANG_ANALYZER_NONNULL = YES;
				CLANG_ANALYZER_NUMBER_OBJECT_CONVERSION = YES_AGGRESSIVE;
				CLANG_CXX_LANGUAGE_STANDARD = "gnu++14";
				CLANG_ENABLE_MODULES = YES;
				CLANG_ENABLE_OBJC_WEAK = YES;
				CLANG_WARN_DIRECT_OBJC_ISA_USAGE = YES_ERROR;
				CLANG_WARN_DOCUMENTATION_COMMENTS = YES;
				CLANG_WARN_OBJC_ROOT_CLASS = YES_ERROR;
				CLANG_WARN_UNGUARDED_AVAILABILITY = YES_AGGRESSIVE;
				CODE_SIGN_STYLE = Automatic;
				DEBUG_INFORMATION_FORMAT = dwarf;
				GCC_C_LANGUAGE_STANDARD = gnu11;
				GCC_WARN_ABOUT_RETURN_TYPE = YES_ERROR;
				GCC_WARN_UNINITIALIZED_AUTOS = YES_AGGRESSIVE;
				IBSC_MODULE = Lorem_Ipsum_watchOS_Example_Extension;
				INFOPLIST_FILE = "Lorem Ipsum watchOS Example/Info.plist";
				MTL_ENABLE_DEBUG_INFO = INCLUDE_SOURCE;
				MTL_FAST_MATH = YES;
				PRODUCT_BUNDLE_IDENTIFIER = "com.lukaskubanek.Lorem-Ipsum-iOS-Example.watchkitapp";
				PRODUCT_NAME = "$(TARGET_NAME)";
				SDKROOT = watchos;
				SKIP_INSTALL = YES;
				SWIFT_ACTIVE_COMPILATION_CONDITIONS = DEBUG;
				SWIFT_OPTIMIZATION_LEVEL = "-Onone";
				SWIFT_VERSION = 4.2;
				TARGETED_DEVICE_FAMILY = 4;
				WATCHOS_DEPLOYMENT_TARGET = 2.0;
			};
			name = Debug;
		};
		1F6AD5AC211A6B9B0083684E /* Release */ = {
			isa = XCBuildConfiguration;
			buildSettings = {
				ALWAYS_EMBED_SWIFT_STANDARD_LIBRARIES = YES;
				ASSETCATALOG_COMPILER_APPICON_NAME = AppIcon;
				CLANG_ANALYZER_NONNULL = YES;
				CLANG_ANALYZER_NUMBER_OBJECT_CONVERSION = YES_AGGRESSIVE;
				CLANG_CXX_LANGUAGE_STANDARD = "gnu++14";
				CLANG_ENABLE_MODULES = YES;
				CLANG_ENABLE_OBJC_WEAK = YES;
				CLANG_WARN_DIRECT_OBJC_ISA_USAGE = YES_ERROR;
				CLANG_WARN_DOCUMENTATION_COMMENTS = YES;
				CLANG_WARN_OBJC_ROOT_CLASS = YES_ERROR;
				CLANG_WARN_UNGUARDED_AVAILABILITY = YES_AGGRESSIVE;
				CODE_SIGN_STYLE = Automatic;
				COPY_PHASE_STRIP = NO;
				DEBUG_INFORMATION_FORMAT = "dwarf-with-dsym";
				ENABLE_NS_ASSERTIONS = NO;
				GCC_C_LANGUAGE_STANDARD = gnu11;
				GCC_WARN_ABOUT_RETURN_TYPE = YES_ERROR;
				GCC_WARN_UNINITIALIZED_AUTOS = YES_AGGRESSIVE;
				IBSC_MODULE = Lorem_Ipsum_watchOS_Example_Extension;
				INFOPLIST_FILE = "Lorem Ipsum watchOS Example/Info.plist";
				MTL_ENABLE_DEBUG_INFO = NO;
				MTL_FAST_MATH = YES;
				PRODUCT_BUNDLE_IDENTIFIER = "com.lukaskubanek.Lorem-Ipsum-iOS-Example.watchkitapp";
				PRODUCT_NAME = "$(TARGET_NAME)";
				SDKROOT = watchos;
				SKIP_INSTALL = YES;
				SWIFT_COMPILATION_MODE = wholemodule;
				SWIFT_OPTIMIZATION_LEVEL = "-O";
				SWIFT_VERSION = 4.2;
				TARGETED_DEVICE_FAMILY = 4;
				WATCHOS_DEPLOYMENT_TARGET = 2.0;
			};
			name = Release;
		};
		1F6AD5AD211A6B9B0083684E /* Debug */ = {
			isa = XCBuildConfiguration;
			buildSettings = {
				ASSETCATALOG_COMPILER_COMPLICATION_NAME = Complication;
				CLANG_ANALYZER_NONNULL = YES;
				CLANG_ANALYZER_NUMBER_OBJECT_CONVERSION = YES_AGGRESSIVE;
				CLANG_CXX_LANGUAGE_STANDARD = "gnu++14";
				CLANG_ENABLE_MODULES = YES;
				CLANG_ENABLE_OBJC_WEAK = YES;
				CLANG_WARN_DIRECT_OBJC_ISA_USAGE = YES_ERROR;
				CLANG_WARN_DOCUMENTATION_COMMENTS = YES;
				CLANG_WARN_OBJC_ROOT_CLASS = YES_ERROR;
				CLANG_WARN_UNGUARDED_AVAILABILITY = YES_AGGRESSIVE;
				CODE_SIGN_STYLE = Automatic;
				DEBUG_INFORMATION_FORMAT = dwarf;
				GCC_C_LANGUAGE_STANDARD = gnu11;
				GCC_WARN_ABOUT_RETURN_TYPE = YES_ERROR;
				GCC_WARN_UNINITIALIZED_AUTOS = YES_AGGRESSIVE;
				INFOPLIST_FILE = "Lorem Ipsum watchOS Example Extension/Info.plist";
				LD_RUNPATH_SEARCH_PATHS = (
					"$(inherited)",
					"@executable_path/Frameworks",
					"@executable_path/../../Frameworks",
				);
				MTL_ENABLE_DEBUG_INFO = INCLUDE_SOURCE;
				MTL_FAST_MATH = YES;
				PRODUCT_BUNDLE_IDENTIFIER = "com.lukaskubanek.Lorem-Ipsum-iOS-Example.watchkitapp.watchkitextension";
				PRODUCT_NAME = "${TARGET_NAME}";
				SDKROOT = watchos;
				SKIP_INSTALL = YES;
				SWIFT_ACTIVE_COMPILATION_CONDITIONS = DEBUG;
				SWIFT_OBJC_BRIDGING_HEADER = "Lorem Ipsum watchOS Example Extension/Lorem Ipsum watchOS Example-Bridging Header.h";
				SWIFT_OPTIMIZATION_LEVEL = "-Onone";
				SWIFT_VERSION = 5.0;
				TARGETED_DEVICE_FAMILY = 4;
				WATCHOS_DEPLOYMENT_TARGET = 2.0;
			};
			name = Debug;
		};
		1F6AD5AE211A6B9B0083684E /* Release */ = {
			isa = XCBuildConfiguration;
			buildSettings = {
				ASSETCATALOG_COMPILER_COMPLICATION_NAME = Complication;
				CLANG_ANALYZER_NONNULL = YES;
				CLANG_ANALYZER_NUMBER_OBJECT_CONVERSION = YES_AGGRESSIVE;
				CLANG_CXX_LANGUAGE_STANDARD = "gnu++14";
				CLANG_ENABLE_MODULES = YES;
				CLANG_ENABLE_OBJC_WEAK = YES;
				CLANG_WARN_DIRECT_OBJC_ISA_USAGE = YES_ERROR;
				CLANG_WARN_DOCUMENTATION_COMMENTS = YES;
				CLANG_WARN_OBJC_ROOT_CLASS = YES_ERROR;
				CLANG_WARN_UNGUARDED_AVAILABILITY = YES_AGGRESSIVE;
				CODE_SIGN_STYLE = Automatic;
				COPY_PHASE_STRIP = NO;
				DEBUG_INFORMATION_FORMAT = "dwarf-with-dsym";
				ENABLE_NS_ASSERTIONS = NO;
				GCC_C_LANGUAGE_STANDARD = gnu11;
				GCC_WARN_ABOUT_RETURN_TYPE = YES_ERROR;
				GCC_WARN_UNINITIALIZED_AUTOS = YES_AGGRESSIVE;
				INFOPLIST_FILE = "Lorem Ipsum watchOS Example Extension/Info.plist";
				LD_RUNPATH_SEARCH_PATHS = (
					"$(inherited)",
					"@executable_path/Frameworks",
					"@executable_path/../../Frameworks",
				);
				MTL_ENABLE_DEBUG_INFO = NO;
				MTL_FAST_MATH = YES;
				PRODUCT_BUNDLE_IDENTIFIER = "com.lukaskubanek.Lorem-Ipsum-iOS-Example.watchkitapp.watchkitextension";
				PRODUCT_NAME = "${TARGET_NAME}";
				SDKROOT = watchos;
				SKIP_INSTALL = YES;
				SWIFT_COMPILATION_MODE = wholemodule;
				SWIFT_OBJC_BRIDGING_HEADER = "Lorem Ipsum watchOS Example Extension/Lorem Ipsum watchOS Example-Bridging Header.h";
				SWIFT_OPTIMIZATION_LEVEL = "-O";
				SWIFT_VERSION = 5.0;
				TARGETED_DEVICE_FAMILY = 4;
				WATCHOS_DEPLOYMENT_TARGET = 2.0;
			};
			name = Release;
		};
		80ECD33A17500B2800115FD0 /* Debug */ = {
			isa = XCBuildConfiguration;
			buildSettings = {
				ALWAYS_SEARCH_USER_PATHS = NO;
				CLANG_ANALYZER_LOCALIZABILITY_NONLOCALIZED = YES;
				CLANG_CXX_LANGUAGE_STANDARD = "gnu++0x";
				CLANG_CXX_LIBRARY = "libc++";
				CLANG_ENABLE_OBJC_ARC = YES;
				CLANG_WARN_BLOCK_CAPTURE_AUTORELEASING = YES;
				CLANG_WARN_BOOL_CONVERSION = YES;
				CLANG_WARN_COMMA = YES;
				CLANG_WARN_CONSTANT_CONVERSION = YES;
				CLANG_WARN_DEPRECATED_OBJC_IMPLEMENTATIONS = YES;
				CLANG_WARN_EMPTY_BODY = YES;
				CLANG_WARN_ENUM_CONVERSION = YES;
				CLANG_WARN_INFINITE_RECURSION = YES;
				CLANG_WARN_INT_CONVERSION = YES;
				CLANG_WARN_NON_LITERAL_NULL_CONVERSION = YES;
				CLANG_WARN_OBJC_IMPLICIT_RETAIN_SELF = YES;
				CLANG_WARN_OBJC_LITERAL_CONVERSION = YES;
				CLANG_WARN_RANGE_LOOP_ANALYSIS = YES;
				CLANG_WARN_STRICT_PROTOTYPES = YES;
				CLANG_WARN_SUSPICIOUS_MOVE = YES;
				CLANG_WARN_UNGUARDED_AVAILABILITY = YES_AGGRESSIVE;
				CLANG_WARN_UNREACHABLE_CODE = YES;
				CLANG_WARN__DUPLICATE_METHOD_MATCH = YES;
				"CODE_SIGN_IDENTITY[sdk=iphoneos*]" = "iPhone Developer";
				COPY_PHASE_STRIP = NO;
				ENABLE_STRICT_OBJC_MSGSEND = YES;
				ENABLE_TESTABILITY = YES;
				GCC_C_LANGUAGE_STANDARD = gnu99;
				GCC_DYNAMIC_NO_PIC = NO;
				GCC_NO_COMMON_BLOCKS = YES;
				GCC_OPTIMIZATION_LEVEL = 0;
				GCC_PREPROCESSOR_DEFINITIONS = (
					"DEBUG=1",
					"$(inherited)",
				);
				GCC_SYMBOLS_PRIVATE_EXTERN = NO;
				GCC_WARN_64_TO_32_BIT_CONVERSION = YES;
				GCC_WARN_ABOUT_RETURN_TYPE = YES;
				GCC_WARN_UNDECLARED_SELECTOR = YES;
				GCC_WARN_UNINITIALIZED_AUTOS = YES;
				GCC_WARN_UNUSED_FUNCTION = YES;
				GCC_WARN_UNUSED_VARIABLE = YES;
				IPHONEOS_DEPLOYMENT_TARGET = 8.0;
				ONLY_ACTIVE_ARCH = YES;
				SDKROOT = iphoneos;
			};
			name = Debug;
		};
		80ECD33B17500B2800115FD0 /* Release */ = {
			isa = XCBuildConfiguration;
			buildSettings = {
				ALWAYS_SEARCH_USER_PATHS = NO;
				CLANG_ANALYZER_LOCALIZABILITY_NONLOCALIZED = YES;
				CLANG_CXX_LANGUAGE_STANDARD = "gnu++0x";
				CLANG_CXX_LIBRARY = "libc++";
				CLANG_ENABLE_OBJC_ARC = YES;
				CLANG_WARN_BLOCK_CAPTURE_AUTORELEASING = YES;
				CLANG_WARN_BOOL_CONVERSION = YES;
				CLANG_WARN_COMMA = YES;
				CLANG_WARN_CONSTANT_CONVERSION = YES;
				CLANG_WARN_DEPRECATED_OBJC_IMPLEMENTATIONS = YES;
				CLANG_WARN_EMPTY_BODY = YES;
				CLANG_WARN_ENUM_CONVERSION = YES;
				CLANG_WARN_INFINITE_RECURSION = YES;
				CLANG_WARN_INT_CONVERSION = YES;
				CLANG_WARN_NON_LITERAL_NULL_CONVERSION = YES;
				CLANG_WARN_OBJC_IMPLICIT_RETAIN_SELF = YES;
				CLANG_WARN_OBJC_LITERAL_CONVERSION = YES;
				CLANG_WARN_RANGE_LOOP_ANALYSIS = YES;
				CLANG_WARN_STRICT_PROTOTYPES = YES;
				CLANG_WARN_SUSPICIOUS_MOVE = YES;
				CLANG_WARN_UNGUARDED_AVAILABILITY = YES_AGGRESSIVE;
				CLANG_WARN_UNREACHABLE_CODE = YES;
				CLANG_WARN__DUPLICATE_METHOD_MATCH = YES;
				"CODE_SIGN_IDENTITY[sdk=iphoneos*]" = "iPhone Developer";
				COPY_PHASE_STRIP = YES;
				ENABLE_STRICT_OBJC_MSGSEND = YES;
				GCC_C_LANGUAGE_STANDARD = gnu99;
				GCC_NO_COMMON_BLOCKS = YES;
				GCC_WARN_64_TO_32_BIT_CONVERSION = YES;
				GCC_WARN_ABOUT_RETURN_TYPE = YES;
				GCC_WARN_UNDECLARED_SELECTOR = YES;
				GCC_WARN_UNINITIALIZED_AUTOS = YES;
				GCC_WARN_UNUSED_FUNCTION = YES;
				GCC_WARN_UNUSED_VARIABLE = YES;
				IPHONEOS_DEPLOYMENT_TARGET = 8.0;
				OTHER_CFLAGS = "-DNS_BLOCK_ASSERTIONS=1";
				SDKROOT = iphoneos;
				SWIFT_COMPILATION_MODE = wholemodule;
				VALIDATE_PRODUCT = YES;
			};
			name = Release;
		};
		80ECD33D17500B2800115FD0 /* Debug */ = {
			isa = XCBuildConfiguration;
			buildSettings = {
				ASSETCATALOG_COMPILER_LAUNCHIMAGE_NAME = LaunchImage;
				GCC_PRECOMPILE_PREFIX_HEADER = YES;
				GCC_PREFIX_HEADER = "";
				INFOPLIST_FILE = "Lorem Ipsum iOS Example-Info.plist";
				IPHONEOS_DEPLOYMENT_TARGET = 8.0;
				PRODUCT_BUNDLE_IDENTIFIER = "com.lukaskubanek.${PRODUCT_NAME:rfc1034identifier}";
				PRODUCT_NAME = "$(TARGET_NAME)";
				WRAPPER_EXTENSION = app;
			};
			name = Debug;
		};
		80ECD33E17500B2800115FD0 /* Release */ = {
			isa = XCBuildConfiguration;
			buildSettings = {
				ASSETCATALOG_COMPILER_LAUNCHIMAGE_NAME = LaunchImage;
				GCC_PRECOMPILE_PREFIX_HEADER = YES;
				GCC_PREFIX_HEADER = "";
				INFOPLIST_FILE = "Lorem Ipsum iOS Example-Info.plist";
				IPHONEOS_DEPLOYMENT_TARGET = 8.0;
				PRODUCT_BUNDLE_IDENTIFIER = "com.lukaskubanek.${PRODUCT_NAME:rfc1034identifier}";
				PRODUCT_NAME = "$(TARGET_NAME)";
				WRAPPER_EXTENSION = app;
			};
			name = Release;
		};
/* End XCBuildConfiguration section */

/* Begin XCConfigurationList section */
		1F6AD5AF211A6B9B0083684E /* Build configuration list for PBXNativeTarget "Lorem Ipsum watchOS Example Extension" */ = {
			isa = XCConfigurationList;
			buildConfigurations = (
				1F6AD5AD211A6B9B0083684E /* Debug */,
				1F6AD5AE211A6B9B0083684E /* Release */,
			);
			defaultConfigurationIsVisible = 0;
			defaultConfigurationName = Release;
		};
		1F6AD5B1211A6B9B0083684E /* Build configuration list for PBXNativeTarget "Lorem Ipsum watchOS Example" */ = {
			isa = XCConfigurationList;
			buildConfigurations = (
				1F6AD5AB211A6B9B0083684E /* Debug */,
				1F6AD5AC211A6B9B0083684E /* Release */,
			);
			defaultConfigurationIsVisible = 0;
			defaultConfigurationName = Release;
		};
		80ECD30E17500B2700115FD0 /* Build configuration list for PBXProject "Lorem Ipsum iOS Example" */ = {
			isa = XCConfigurationList;
			buildConfigurations = (
				80ECD33A17500B2800115FD0 /* Debug */,
				80ECD33B17500B2800115FD0 /* Release */,
			);
			defaultConfigurationIsVisible = 0;
			defaultConfigurationName = Release;
		};
		80ECD33C17500B2800115FD0 /* Build configuration list for PBXNativeTarget "Lorem Ipsum iOS Example" */ = {
			isa = XCConfigurationList;
			buildConfigurations = (
				80ECD33D17500B2800115FD0 /* Debug */,
				80ECD33E17500B2800115FD0 /* Release */,
			);
			defaultConfigurationIsVisible = 0;
			defaultConfigurationName = Release;
		};
/* End XCConfigurationList section */
	};
	rootObject = 80ECD30B17500B2700115FD0 /* Project object */;
}
