// !$*UTF8*$!
{
	archiveVersion = 1;
	classes = {
	};
	objectVersion = 50;
	objects = {

/* Begin PBXBuildFile section */
		1F6AD5C5211A72690083684E /* AppDelegate.swift in Sources */ = {isa = PBXBuildFile; fileRef = 1F6AD5C4211A72690083684E /* AppDelegate.swift */; };
		1F6AD5C7211A72690083684E /* ViewController.swift in Sources */ = {isa = PBXBuildFile; fileRef = 1F6AD5C6211A72690083684E /* ViewController.swift */; };
		1F6AD5CA211A72690083684E /* Main.storyboard in Resources */ = {isa = PBXBuildFile; fileRef = 1F6AD5C8211A72690083684E /* Main.storyboard */; };
		1F6AD5CC211A726A0083684E /* Assets.xcassets in Resources */ = {isa = PBXBuildFile; fileRef = 1F6AD5CB211A726A0083684E /* Assets.xcassets */; };
		1F6AD5E0211A72F00083684E /* LoremIpsum.m in Sources */ = {isa = PBXBuildFile; fileRef = 1F6AD5DF211A72F00083684E /* LoremIpsum.m */; };
/* End PBXBuildFile section */

/* Begin PBXFileReference section */
		1F6AD5C1211A72690083684E /* Lorem Ipsum tvOS Example.app */ = {isa = PBXFileReference; explicitFileType = wrapper.application; includeInIndex = 0; path = "Lorem Ipsum tvOS Example.app"; sourceTree = BUILT_PRODUCTS_DIR; };
		1F6AD5C4211A72690083684E /* AppDelegate.swift */ = {isa = PBXFileReference; lastKnownFileType = sourcecode.swift; path = AppDelegate.swift; sourceTree = "<group>"; };
		1F6AD5C6211A72690083684E /* ViewController.swift */ = {isa = PBXFileReference; lastKnownFileType = sourcecode.swift; path = ViewController.swift; sourceTree = "<group>"; };
		1F6AD5C9211A72690083684E /* Base */ = {isa = PBXFileReference; lastKnownFileType = file.storyboard; name = Base; path = Base.lproj/Main.storyboard; sourceTree = "<group>"; };
		1F6AD5CB211A726A0083684E /* Assets.xcassets */ = {isa = PBXFileReference; lastKnownFileType = folder.assetcatalog; path = Assets.xcassets; sourceTree = "<group>"; };
		1F6AD5CD211A726A0083684E /* Info.plist */ = {isa = PBXFileReference; lastKnownFileType = text.plist.xml; path = Info.plist; sourceTree = "<group>"; };
		1F6AD5D4211A72A50083684E /* Lorem Ipsum tvOS Example-Bridging-Header.h */ = {isa = PBXFileReference; lastKnownFileType = sourcecode.c.h; path = "Lorem Ipsum tvOS Example-Bridging-Header.h"; sourceTree = "<group>"; };
		1F6AD5DE211A72F00083684E /* LoremIpsum.h */ = {isa = PBXFileReference; fileEncoding = 4; lastKnownFileType = sourcecode.c.h; name = LoremIpsum.h; path = ../../Sources/LoremIpsum/include/LoremIpsum.h; sourceTree = "<group>"; };
		1F6AD5DF211A72F00083684E /* LoremIpsum.m */ = {isa = PBXFileReference; fileEncoding = 4; lastKnownFileType = sourcecode.c.objc; name = LoremIpsum.m; path = ../../Sources/LoremIpsum/LoremIpsum.m; sourceTree = "<group>"; };
/* End PBXFileReference section */

/* Begin PBXFrameworksBuildPhase section */
		1F6AD5BE211A72690083684E /* Frameworks */ = {
			isa = PBXFrameworksBuildPhase;
			buildActionMask = 2147483647;
			files = (
			);
			runOnlyForDeploymentPostprocessing = 0;
		};
/* End PBXFrameworksBuildPhase section */

/* Begin PBXGroup section */
		1F6AD5B8211A72690083684E = {
			isa = PBXGroup;
			children = (
				1F6AD5D3211A72840083684E /* Lorem Ipsum */,
				1F6AD5C3211A72690083684E /* Lorem Ipsum tvOS Example */,
				1F6AD5C2211A72690083684E /* Products */,
			);
			sourceTree = "<group>";
		};
		1F6AD5C2211A72690083684E /* Products */ = {
			isa = PBXGroup;
			children = (
				1F6AD5C1211A72690083684E /* Lorem Ipsum tvOS Example.app */,
			);
			name = Products;
			sourceTree = "<group>";
		};
		1F6AD5C3211A72690083684E /* Lorem Ipsum tvOS Example */ = {
			isa = PBXGroup;
			children = (
				1F6AD5C4211A72690083684E /* AppDelegate.swift */,
				1F6AD5C6211A72690083684E /* ViewController.swift */,
				1F6AD5C8211A72690083684E /* Main.storyboard */,
				1F6AD5CB211A726A0083684E /* Assets.xcassets */,
				1F6AD5CD211A726A0083684E /* Info.plist */,
				1F6AD5D4211A72A50083684E /* Lorem Ipsum tvOS Example-Bridging-Header.h */,
			);
			path = "Lorem Ipsum tvOS Example";
			sourceTree = "<group>";
		};
		1F6AD5D3211A72840083684E /* Lorem Ipsum */ = {
			isa = PBXGroup;
			children = (
				1F6AD5DE211A72F00083684E /* LoremIpsum.h */,
				1F6AD5DF211A72F00083684E /* LoremIpsum.m */,
			);
			name = "Lorem Ipsum";
			sourceTree = "<group>";
		};
/* End PBXGroup section */

/* Begin PBXNativeTarget section */
		1F6AD5C0211A72690083684E /* Lorem Ipsum tvOS Example */ = {
			isa = PBXNativeTarget;
			buildConfigurationList = 1F6AD5D0211A726A0083684E /* Build configuration list for PBXNativeTarget "Lorem Ipsum tvOS Example" */;
			buildPhases = (
				1F6AD5BD211A72690083684E /* Sources */,
				1F6AD5BE211A72690083684E /* Frameworks */,
				1F6AD5BF211A72690083684E /* Resources */,
			);
			buildRules = (
			);
			dependencies = (
			);
			name = "Lorem Ipsum tvOS Example";
			productName = "Lorem Ipsum tvOS Example";
			productReference = 1F6AD5C1211A72690083684E /* Lorem Ipsum tvOS Example.app */;
			productType = "com.apple.product-type.application";
		};
/* End PBXNativeTarget section */

/* Begin PBXProject section */
		1F6AD5B9211A72690083684E /* Project object */ = {
			isa = PBXProject;
			attributes = {
				LastSwiftUpdateCheck = 1000;
				LastUpgradeCheck = 1000;
				ORGANIZATIONNAME = "Lukas Kubanek";
				TargetAttributes = {
					1F6AD5C0211A72690083684E = {
						CreatedOnToolsVersion = 10.0;
						LastSwiftMigration = 1150;
					};
				};
			};
			buildConfigurationList = 1F6AD5BC211A72690083684E /* Build configuration list for PBXProject "Lorem Ipsum tvOS Example" */;
			compatibilityVersion = "Xcode 9.3";
			developmentRegion = en;
			hasScannedForEncodings = 0;
			knownRegions = (
				en,
				Base,
			);
			mainGroup = 1F6AD5B8211A72690083684E;
			productRefGroup = 1F6AD5C2211A72690083684E /* Products */;
			projectDirPath = "";
			projectRoot = "";
			targets = (
				1F6AD5C0211A72690083684E /* Lorem Ipsum tvOS Example */,
			);
		};
/* End PBXProject section */

/* Begin PBXResourcesBuildPhase section */
		1F6AD5BF211A72690083684E /* Resources */ = {
			isa = PBXResourcesBuildPhase;
			buildActionMask = 2147483647;
			files = (
				1F6AD5CC211A726A0083684E /* Assets.xcassets in Resources */,
				1F6AD5CA211A72690083684E /* Main.storyboard in Resources */,
			);
			runOnlyForDeploymentPostprocessing = 0;
		};
/* End PBXResourcesBuildPhase section */

/* Begin PBXSourcesBuildPhase section */
		1F6AD5BD211A72690083684E /* Sources */ = {
			isa = PBXSourcesBuildPhase;
			buildActionMask = 2147483647;
			files = (
				1F6AD5C7211A72690083684E /* ViewController.swift in Sources */,
				1F6AD5E0211A72F00083684E /* LoremIpsum.m in Sources */,
				1F6AD5C5211A72690083684E /* AppDelegate.swift in Sources */,
			);
			runOnlyForDeploymentPostprocessing = 0;
		};
/* End PBXSourcesBuildPhase section */

/* Begin PBXVariantGroup section */
		1F6AD5C8211A72690083684E /* Main.storyboard */ = {
			isa = PBXVariantGroup;
			children = (
				1F6AD5C9211A72690083684E /* Base */,
			);
			name = Main.storyboard;
			sourceTree = "<group>";
		};
/* End PBXVariantGroup section */

/* Begin XCBuildConfiguration section */
		1F6AD5CE211A726A0083684E /* Debug */ = {
			isa = XCBuildConfiguration;
			buildSettings = {
				ALWAYS_SEARCH_USER_PATHS = NO;
				CLANG_ANALYZER_NONNULL = YES;
				CLANG_ANALYZER_NUMBER_OBJECT_CONVERSION = YES_AGGRESSIVE;
				CLANG_CXX_LANGUAGE_STANDARD = "gnu++14";
				CLANG_CXX_LIBRARY = "libc++";
				CLANG_ENABLE_MODULES = YES;
				CLANG_ENABLE_OBJC_ARC = YES;
				CLANG_ENABLE_OBJC_WEAK = YES;
				CLANG_WARN_BLOCK_CAPTURE_AUTORELEASING = YES;
				CLANG_WARN_BOOL_CONVERSION = YES;
				CLANG_WARN_COMMA = YES;
				CLANG_WARN_CONSTANT_CONVERSION = YES;
				CLANG_WARN_DEPRECATED_OBJC_IMPLEMENTATIONS = YES;
				CLANG_WARN_DIRECT_OBJC_ISA_USAGE = YES_ERROR;
				CLANG_WARN_DOCUMENTATION_COMMENTS = YES;
				CLANG_WARN_EMPTY_BODY = YES;
				CLANG_WARN_ENUM_CONVERSION = YES;
				CLANG_WARN_INFINITE_RECURSION = YES;
				CLANG_WARN_INT_CONVERSION = YES;
				CLANG_WARN_NON_LITERAL_NULL_CONVERSION = YES;
				CLANG_WARN_OBJC_IMPLICIT_RETAIN_SELF = YES;
				CLANG_WARN_OBJC_LITERAL_CONVERSION = YES;
				CLANG_WARN_OBJC_ROOT_CLASS = YES_ERROR;
				CLANG_WARN_RANGE_LOOP_ANALYSIS = YES;
				CLANG_WARN_STRICT_PROTOTYPES = YES;
				CLANG_WARN_SUSPICIOUS_MOVE = YES;
				CLANG_WARN_UNGUARDED_AVAILABILITY = YES_AGGRESSIVE;
				CLANG_WARN_UNREACHABLE_CODE = YES;
				CLANG_WARN__DUPLICATE_METHOD_MATCH = YES;
				COPY_PHASE_STRIP = NO;
				DEBUG_INFORMATION_FORMAT = dwarf;
				ENABLE_STRICT_OBJC_MSGSEND = YES;
				ENABLE_TESTABILITY = YES;
				GCC_C_LANGUAGE_STANDARD = gnu11;
				GCC_DYNAMIC_NO_PIC = NO;
				GCC_NO_COMMON_BLOCKS = YES;
				GCC_OPTIMIZATION_LEVEL = 0;
				GCC_PREPROCESSOR_DEFINITIONS = (
					"DEBUG=1",
					"$(inherited)",
				);
				GCC_WARN_64_TO_32_BIT_CONVERSION = YES;
				GCC_WARN_ABOUT_RETURN_TYPE = YES_ERROR;
				GCC_WARN_UNDECLARED_SELECTOR = YES;
				GCC_WARN_UNINITIALIZED_AUTOS = YES_AGGRESSIVE;
				GCC_WARN_UNUSED_FUNCTION = YES;
				GCC_WARN_UNUSED_VARIABLE = YES;
				MTL_ENABLE_DEBUG_INFO = INCLUDE_SOURCE;
				MTL_FAST_MATH = YES;
				ONLY_ACTIVE_ARCH = YES;
				SDKROOT = appletvos;
				SWIFT_ACTIVE_COMPILATION_CONDITIONS = DEBUG;
				SWIFT_OPTIMIZATION_LEVEL = "-Onone";
				TVOS_DEPLOYMENT_TARGET = 9.0;
			};
			name = Debug;
		};
		1F6AD5CF211A726A0083684E /* Release */ = {
			isa = XCBuildConfiguration;
			buildSettings = {
				ALWAYS_SEARCH_USER_PATHS = NO;
				CLANG_ANALYZER_NONNULL = YES;
				CLANG_ANALYZER_NUMBER_OBJECT_CONVERSION = YES_AGGRESSIVE;
				CLANG_CXX_LANGUAGE_STANDARD = "gnu++14";
				CLANG_CXX_LIBRARY = "libc++";
				CLANG_ENABLE_MODULES = YES;
				CLANG_ENABLE_OBJC_ARC = YES;
				CLANG_ENABLE_OBJC_WEAK = YES;
				CLANG_WARN_BLOCK_CAPTURE_AUTORELEASING = YES;
				CLANG_WARN_BOOL_CONVERSION = YES;
				CLANG_WARN_COMMA = YES;
				CLANG_WARN_CONSTANT_CONVERSION = YES;
				CLANG_WARN_DEPRECATED_OBJC_IMPLEMENTATIONS = YES;
				CLANG_WARN_DIRECT_OBJC_ISA_USAGE = YES_ERROR;
				CLANG_WARN_DOCUMENTATION_COMMENTS = YES;
				CLANG_WARN_EMPTY_BODY = YES;
				CLANG_WARN_ENUM_CONVERSION = YES;
				CLANG_WARN_INFINITE_RECURSION = YES;
				CLANG_WARN_INT_CONVERSION = YES;
				CLANG_WARN_NON_LITERAL_NULL_CONVERSION = YES;
				CLANG_WARN_OBJC_IMPLICIT_RETAIN_SELF = YES;
				CLANG_WARN_OBJC_LITERAL_CONVERSION = YES;
				CLANG_WARN_OBJC_ROOT_CLASS = YES_ERROR;
				CLANG_WARN_RANGE_LOOP_ANALYSIS = YES;
				CLANG_WARN_STRICT_PROTOTYPES = YES;
				CLANG_WARN_SUSPICIOUS_MOVE = YES;
				CLANG_WARN_UNGUARDED_AVAILABILITY = YES_AGGRESSIVE;
				CLANG_WARN_UNREACHABLE_CODE = YES;
				CLANG_WARN__DUPLICATE_METHOD_MATCH = YES;
				COPY_PHASE_STRIP = NO;
				DEBUG_INFORMATION_FORMAT = "dwarf-with-dsym";
				ENABLE_NS_ASSERTIONS = NO;
				ENABLE_STRICT_OBJC_MSGSEND = YES;
				GCC_C_LANGUAGE_STANDARD = gnu11;
				GCC_NO_COMMON_BLOCKS = YES;
				GCC_WARN_64_TO_32_BIT_CONVERSION = YES;
				GCC_WARN_ABOUT_RETURN_TYPE = YES_ERROR;
				GCC_WARN_UNDECLARED_SELECTOR = YES;
				GCC_WARN_UNINITIALIZED_AUTOS = YES_AGGRESSIVE;
				GCC_WARN_UNUSED_FUNCTION = YES;
				GCC_WARN_UNUSED_VARIABLE = YES;
				MTL_ENABLE_DEBUG_INFO = NO;
				MTL_FAST_MATH = YES;
				SDKROOT = appletvos;
				SWIFT_COMPILATION_MODE = wholemodule;
				SWIFT_OPTIMIZATION_LEVEL = "-O";
				TVOS_DEPLOYMENT_TARGET = 9.0;
				VALIDATE_PRODUCT = YES;
			};
			name = Release;
		};
		1F6AD5D1211A726A0083684E /* Debug */ = {
			isa = XCBuildConfiguration;
			buildSettings = {
				ASSETCATALOG_COMPILER_APPICON_NAME = "App Icon & Top Shelf Image";
				ASSETCATALOG_COMPILER_LAUNCHIMAGE_NAME = LaunchImage;
				CLANG_ENABLE_MODULES = YES;
				CODE_SIGN_STYLE = Automatic;
				INFOPLIST_FILE = "Lorem Ipsum tvOS Example/Info.plist";
				LD_RUNPATH_SEARCH_PATHS = (
					"$(inherited)",
					"@executable_path/Frameworks",
				);
				PRODUCT_BUNDLE_IDENTIFIER = "com.lukaskubanek.Lorem-Ipsum-tvOS-Example.Lorem-Ipsum-tvOS-Example";
				PRODUCT_NAME = "$(TARGET_NAME)";
				SWIFT_OBJC_BRIDGING_HEADER = "Lorem Ipsum tvOS Example/Lorem Ipsum tvOS Example-Bridging-Header.h";
				SWIFT_OPTIMIZATION_LEVEL = "-Onone";
				SWIFT_VERSION = 5.0;
				TARGETED_DEVICE_FAMILY = 3;
			};
			name = Debug;
		};
		1F6AD5D2211A726A0083684E /* Release */ = {
			isa = XCBuildConfiguration;
			buildSettings = {
				ASSETCATALOG_COMPILER_APPICON_NAME = "App Icon & Top Shelf Image";
				ASSETCATALOG_COMPILER_LAUNCHIMAGE_NAME = LaunchImage;
				CLANG_ENABLE_MODULES = YES;
				CODE_SIGN_STYLE = Automatic;
				INFOPLIST_FILE = "Lorem Ipsum tvOS Example/Info.plist";
				LD_RUNPATH_SEARCH_PATHS = (
					"$(inherited)",
					"@executable_path/Frameworks",
				);
				PRODUCT_BUNDLE_IDENTIFIER = "com.lukaskubanek.Lorem-Ipsum-tvOS-Example.Lorem-Ipsum-tvOS-Example";
				PRODUCT_NAME = "$(TARGET_NAME)";
				SWIFT_OBJC_BRIDGING_HEADER = "Lorem Ipsum tvOS Example/Lorem Ipsum tvOS Example-Bridging-Header.h";
				SWIFT_VERSION = 5.0;
				TARGETED_DEVICE_FAMILY = 3;
			};
			name = Release;
		};
/* End XCBuildConfiguration section */

/* Begin XCConfigurationList section */
		1F6AD5BC211A72690083684E /* Build configuration list for PBXProject "Lorem Ipsum tvOS Example" */ = {
			isa = XCConfigurationList;
			buildConfigurations = (
				1F6AD5CE211A726A0083684E /* Debug */,
				1F6AD5CF211A726A0083684E /* Release */,
			);
			defaultConfigurationIsVisible = 0;
			defaultConfigurationName = Release;
		};
		1F6AD5D0211A726A0083684E /* Build configuration list for PBXNativeTarget "Lorem Ipsum tvOS Example" */ = {
			isa = XCConfigurationList;
			buildConfigurations = (
				1F6AD5D1211A726A0083684E /* Debug */,
				1F6AD5D2211A726A0083684E /* Release */,
			);
			defaultConfigurationIsVisible = 0;
			defaultConfigurationName = Release;
		};
/* End XCConfigurationList section */
	};
	rootObject = 1F6AD5B9211A72690083684E /* Project object */;
}
