// !$*UTF8*$!
{
	archiveVersion = 1;
	classes = {
	};
	objectVersion = 46;
	objects = {

/* Begin PBXFileReference section */
		80ECD2E2174FA3FB00115FD0 /* LoremIpsum.h */ = {isa = PBXFileReference; lastKnownFileType = sourcecode.c.h; path = LoremIpsum.h; sourceTree = "<group>"; };
		80ECD2E3174FA3FB00115FD0 /* LoremIpsum.m */ = {isa = PBXFileReference; lastKnownFileType = sourcecode.c.objc; path = LoremIpsum.m; sourceTree = "<group>"; };
/* End PBXFileReference section */

/* Begin PBXGroup section */
		80ECD2AC174FA05D00115FD0 = {
			isa = PBXGroup;
			children = (
				80ECD2E2174FA3FB00115FD0 /* LoremIpsum.h */,
				80ECD2E3174FA3FB00115FD0 /* LoremIpsum.m */,
			);
			sourceTree = "<group>";
		};
/* End PBXGroup section */

/* Begin PBXProject section */
		80ECD2AD174FA05D00115FD0 /* Project object */ = {
			isa = PBXProject;
			attributes = {
				LastUpgradeCheck = 0460;
			};
			buildConfigurationList = 80ECD2B0174FA05D00115FD0 /* Build configuration list for PBXProject "LoremIpsum" */;
			compatibilityVersion = "Xcode 3.2";
			developmentRegion = English;
			hasScannedForEncodings = 0;
			knownRegions = (
				en,
			);
			mainGroup = 80ECD2AC174FA05D00115FD0;
			projectDirPath = "";
			projectRoot = "";
			targets = (
			);
		};
/* End PBXProject section */

/* Begin XCBuildConfiguration section */
		80ECD2B1174FA05D00115FD0 /* Debug */ = {
			isa = XCBuildConfiguration;
			buildSettings = {
			};
			name = Debug;
		};
		80ECD2B2174FA05D00115FD0 /* Release */ = {
			isa = XCBuildConfiguration;
			buildSettings = {
			};
			name = Release;
		};
/* End XCBuildConfiguration section */

/* Begin XCConfigurationList section */
		80ECD2B0174FA05D00115FD0 /* Build configuration list for PBXProject "LoremIpsum" */ = {
			isa = XCConfigurationList;
			buildConfigurations = (
				80ECD2B1174FA05D00115FD0 /* Debug */,
				80ECD2B2174FA05D00115FD0 /* Release */,
			);
			defaultConfigurationIsVisible = 0;
			defaultConfigurationName = Release;
		};
/* End XCConfigurationList section */
	};
	rootObject = 80ECD2AD174FA05D00115FD0 /* Project object */;
}
